
Microsoft Visual Studio Solution File, Format Version 12.00
# Visual Studio Version 16
VisualStudioVersion = 16.0.31019.35
MinimumVisualStudioVersion = 10.0.40219.1
Project("{8BC9CEB8-8B4A-11D0-8D11-00A0C91BC942}") = "GameParticles", "GameParticles\GameParticles.vcxproj", "{12D0150E-044D-49F7-B595-F86B8B64A53B}"
EndProject
Global
	GlobalSection(SolutionConfigurationPlatforms) = preSolution
		Debug|x86 = Debug|x86
		Release|x86 = Release|x86
	EndGlobalSection
	GlobalSection(ProjectConfigurationPlatforms) = postSolution
		{12D0150E-044D-49F7-B595-F86B8B64A53B}.Debug|x86.ActiveCfg = Debug|Win32
		{12D0150E-044D-49F7-B595-F86B8B64A53B}.Debug|x86.Build.0 = Debug|Win32
		{12D0150E-044D-49F7-B595-F86B8B64A53B}.Release|x86.ActiveCfg = Release|Win32
		{12D0150E-044D-49F7-B595-F86B8B64A53B}.Release|x86.Build.0 = Release|Win32
	EndGlobalSection
	GlobalSection(SolutionProperties) = preSolution
		HideSolutionNode = FALSE
	EndGlobalSection
	GlobalSection(ExtensibilityGlobals) = postSolution
		SolutionGuid = {43166D7D-B41D-4399-A749-90C6788B101D}
	EndGlobalSection
EndGlobal
